// !$*UTF8*$!
{
	archiveVersion = 1;
	classes = {
	};
	objectVersion = 46;
	objects = {

/* Begin PBXBuildFile section */
		8FD09F2C1BFE274400F27DFF /* AppDelegate.swift in Sources */ = {isa = PBXBuildFile; fileRef = 8FD09F2B1BFE274400F27DFF /* AppDelegate.swift */; };
		8FD09F2E1BFE274400F27DFF /* ViewController.swift in Sources */ = {isa = PBXBuildFile; fileRef = 8FD09F2D1BFE274400F27DFF /* ViewController.swift */; };
		8FD09F311BFE274400F27DFF /* Main.storyboard in Resources */ = {isa = PBXBuildFile; fileRef = 8FD09F2F1BFE274400F27DFF /* Main.storyboard */; };
		8FD09F341BFE274400F27DFF /* Pokedex.xcdatamodeld in Sources */ = {isa = PBXBuildFile; fileRef = 8FD09F321BFE274400F27DFF /* Pokedex.xcdatamodeld */; };
		8FD09F361BFE274400F27DFF /* Assets.xcassets in Resources */ = {isa = PBXBuildFile; fileRef = 8FD09F351BFE274400F27DFF /* Assets.xcassets */; };
		8FD09F391BFE274400F27DFF /* LaunchScreen.storyboard in Resources */ = {isa = PBXBuildFile; fileRef = 8FD09F371BFE274400F27DFF /* LaunchScreen.storyboard */; };
/* End PBXBuildFile section */

/* Begin PBXFileReference section */
		8FD09F281BFE274400F27DFF /* Pokedex.app */ = {isa = PBXFileReference; explicitFileType = wrapper.application; includeInIndex = 0; path = Pokedex.app; sourceTree = BUILT_PRODUCTS_DIR; };
		8FD09F2B1BFE274400F27DFF /* AppDelegate.swift */ = {isa = PBXFileReference; lastKnownFileType = sourcecode.swift; path = AppDelegate.swift; sourceTree = "<group>"; };
		8FD09F2D1BFE274400F27DFF /* ViewController.swift */ = {isa = PBXFileReference; lastKnownFileType = sourcecode.swift; path = ViewController.swift; sourceTree = "<group>"; };
		8FD09F301BFE274400F27DFF /* Base */ = {isa = PBXFileReference; lastKnownFileType = file.storyboard; name = Base; path = Base.lproj/Main.storyboard; sourceTree = "<group>"; };
		8FD09F331BFE274400F27DFF /* Pokedex.xcdatamodel */ = {isa = PBXFileReference; lastKnownFileType = wrapper.xcdatamodel; path = Pokedex.xcdatamodel; sourceTree = "<group>"; };
		8FD09F351BFE274400F27DFF /* Assets.xcassets */ = {isa = PBXFileReference; lastKnownFileType = folder.assetcatalog; path = Assets.xcassets; sourceTree = "<group>"; };
		8FD09F381BFE274400F27DFF /* Base */ = {isa = PBXFileReference; lastKnownFileType = file.storyboard; name = Base; path = Base.lproj/LaunchScreen.storyboard; sourceTree = "<group>"; };
		8FD09F3A1BFE274400F27DFF /* Info.plist */ = {isa = PBXFileReference; lastKnownFileType = text.plist.xml; path = Info.plist; sourceTree = "<group>"; };
/* End PBXFileReference section */

/* Begin PBXFrameworksBuildPhase section */
		8FD09F251BFE274400F27DFF /* Frameworks */ = {
			isa = PBXFrameworksBuildPhase;
			buildActionMask = 2147483647;
			files = (
			);
			runOnlyForDeploymentPostprocessing = 0;
		};
/* End PBXFrameworksBuildPhase section */

/* Begin PBXGroup section */
		8FD09F1F1BFE274400F27DFF = {
			isa = PBXGroup;
			children = (
				8FD09F2A1BFE274400F27DFF /* Pokedex */,
				8FD09F291BFE274400F27DFF /* Products */,
			);
			sourceTree = "<group>";
		};
		8FD09F291BFE274400F27DFF /* Products */ = {
			isa = PBXGroup;
			children = (
				8FD09F281BFE274400F27DFF /* Pokedex.app */,
			);
			name = Products;
			sourceTree = "<group>";
		};
		8FD09F2A1BFE274400F27DFF /* Pokedex */ = {
			isa = PBXGroup;
			children = (
				8FD09F2B1BFE274400F27DFF /* AppDelegate.swift */,
				8FD09F2D1BFE274400F27DFF /* ViewController.swift */,
				8FD09F2F1BFE274400F27DFF /* Main.storyboard */,
				8FD09F351BFE274400F27DFF /* Assets.xcassets */,
				8FD09F371BFE274400F27DFF /* LaunchScreen.storyboard */,
				8FD09F3A1BFE274400F27DFF /* Info.plist */,
				8FD09F321BFE274400F27DFF /* Pokedex.xcdatamodeld */,
			);
			path = Pokedex;
			sourceTree = "<group>";
		};
/* End PBXGroup section */

/* Begin PBXNativeTarget section */
		8FD09F271BFE274400F27DFF /* Pokedex */ = {
			isa = PBXNativeTarget;
			buildConfigurationList = 8FD09F3D1BFE274400F27DFF /* Build configuration list for PBXNativeTarget "Pokedex" */;
			buildPhases = (
				8FD09F241BFE274400F27DFF /* Sources */,
				8FD09F251BFE274400F27DFF /* Frameworks */,
				8FD09F261BFE274400F27DFF /* Resources */,
			);
			buildRules = (
			);
			dependencies = (
			);
			name = Pokedex;
			productName = Pokedex;
			productReference = 8FD09F281BFE274400F27DFF /* Pokedex.app */;
			productType = "com.apple.product-type.application";
		};
/* End PBXNativeTarget section */

/* Begin PBXProject section */
		8FD09F201BFE274400F27DFF /* Project object */ = {
			isa = PBXProject;
			attributes = {
				LastSwiftUpdateCheck = 0710;
				LastUpgradeCheck = 0710;
				ORGANIZATIONNAME = "Brad Gray";
				TargetAttributes = {
					8FD09F271BFE274400F27DFF = {
						CreatedOnToolsVersion = 7.1;
					};
				};
			};
			buildConfigurationList = 8FD09F231BFE274400F27DFF /* Build configuration list for PBXProject "Pokedex" */;
			compatibilityVersion = "Xcode 3.2";
			developmentRegion = English;
			hasScannedForEncodings = 0;
			knownRegions = (
				en,
				Base,
			);
			mainGroup = 8FD09F1F1BFE274400F27DFF;
			productRefGroup = 8FD09F291BFE274400F27DFF /* Products */;
			projectDirPath = "";
			projectRoot = "";
			targets = (
				8FD09F271BFE274400F27DFF /* Pokedex */,
			);
		};
/* End PBXProject section */

/* Begin PBXResourcesBuildPhase section */
		8FD09F261BFE274400F27DFF /* Resources */ = {
			isa = PBXResourcesBuildPhase;
			buildActionMask = 2147483647;
			files = (
				8FD09F391BFE274400F27DFF /* LaunchScreen.storyboard in Resources */,
				8FD09F361BFE274400F27DFF /* Assets.xcassets in Resources */,
				8FD09F311BFE274400F27DFF /* Main.storyboard in Resources */,
			);
			runOnlyForDeploymentPostprocessing = 0;
		};
/* End PBXResourcesBuildPhase section */

/* Begin PBXSourcesBuildPhase section */
		8FD09F241BFE274400F27DFF /* Sources */ = {
			isa = PBXSourcesBuildPhase;
			buildActionMask = 2147483647;
			files = (
				8FD09F2E1BFE274400F27DFF /* ViewController.swift in Sources */,
				8FD09F341BFE274400F27DFF /* Pokedex.xcdatamodeld in Sources */,
				8FD09F2C1BFE274400F27DFF /* AppDelegate.swift in Sources */,
			);
			runOnlyForDeploymentPostprocessing = 0;
		};
/* End PBXSourcesBuildPhase section */

/* Begin PBXVariantGroup section */
		8FD09F2F1BFE274400F27DFF /* Main.storyboard */ = {
			isa = PBXVariantGroup;
			children = (
				8FD09F301BFE274400F27DFF /* Base */,
			);
			name = Main.storyboard;
			sourceTree = "<group>";
		};
		8FD09F371BFE274400F27DFF /* LaunchScreen.storyboard */ = {
			isa = PBXVariantGroup;
			children = (
				8FD09F381BFE274400F27DFF /* Base */,
			);
			name = LaunchScreen.storyboard;
			sourceTree = "<group>";
		};
/* End PBXVariantGroup section */

/* Begin XCBuildConfiguration section */
		8FD09F3B1BFE274400F27DFF /* Debug */ = {
			isa = XCBuildConfiguration;
			buildSettings = {
				ALWAYS_SEARCH_USER_PATHS = NO;
				CLANG_CXX_LANGUAGE_STANDARD = "gnu++0x";
				CLANG_CXX_LIBRARY = "libc++";
				CLANG_ENABLE_MODULES = YES;
				CLANG_ENABLE_OBJC_ARC = YES;
				CLANG_WARN_BOOL_CONVERSION = YES;
				CLANG_WARN_CONSTANT_CONVERSION = YES;
				CLANG_WARN_DIRECT_OBJC_ISA_USAGE = YES_ERROR;
				CLANG_WARN_EMPTY_BODY = YES;
				CLANG_WARN_ENUM_CONVERSION = YES;
				CLANG_WARN_INT_CONVERSION = YES;
				CLANG_WARN_OBJC_ROOT_CLASS = YES_ERROR;
				CLANG_WARN_UNREACHABLE_CODE = YES;
				CLANG_WARN__DUPLICATE_METHOD_MATCH = YES;
				"CODE_SIGN_IDENTITY[sdk=iphoneos*]" = "iPhone Developer";
				COPY_PHASE_STRIP = NO;
				DEBUG_INFORMATION_FORMAT = dwarf;
				ENABLE_STRICT_OBJC_MSGSEND = YES;
				ENABLE_TESTABILITY = YES;
				GCC_C_LANGUAGE_STANDARD = gnu99;
				GCC_DYNAMIC_NO_PIC = NO;
				GCC_NO_COMMON_BLOCKS = YES;
				GCC_OPTIMIZATION_LEVEL = 0;
				GCC_PREPROCESSOR_DEFINITIONS = (
					"DEBUG=1",
					"$(inherited)",
				);
				GCC_WARN_64_TO_32_BIT_CONVERSION = YES;
				GCC_WARN_ABOUT_RETURN_TYPE = YES_ERROR;
				GCC_WARN_UNDECLARED_SELECTOR = YES;
				GCC_WARN_UNINITIALIZED_AUTOS = YES_AGGRESSIVE;
				GCC_WARN_UNUSED_FUNCTION = YES;
				GCC_WARN_UNUSED_VARIABLE = YES;
				IPHONEOS_DEPLOYMENT_TARGET = 9.1;
				MTL_ENABLE_DEBUG_INFO = YES;
				ONLY_ACTIVE_ARCH = YES;
				SDKROOT = iphoneos;
				SWIFT_OPTIMIZATION_LEVEL = "-Onone";
				TARGETED_DEVICE_FAMILY = "1,2";
			};
			name = Debug;
		};
		8FD09F3C1BFE274400F27DFF /* Release */ = {
			isa = XCBuildConfiguration;
			buildSettings = {
				ALWAYS_SEARCH_USER_PATHS = NO;
				CLANG_CXX_LANGUAGE_STANDARD = "gnu++0x";
				CLANG_CXX_LIBRARY = "libc++";
				CLANG_ENABLE_MODULES = YES;
				CLANG_ENABLE_OBJC_ARC = YES;
				CLANG_WARN_BOOL_CONVERSION = YES;
				CLANG_WARN_CONSTANT_CONVERSION = YES;
				CLANG_WARN_DIRECT_OBJC_ISA_USAGE = YES_ERROR;
				CLANG_WARN_EMPTY_BODY = YES;
				CLANG_WARN_ENUM_CONVERSION = YES;
				CLANG_WARN_INT_CONVERSION = YES;
				CLANG_WARN_OBJC_ROOT_CLASS = YES_ERROR;
				CLANG_WARN_UNREACHABLE_CODE = YES;
				CLANG_WARN__DUPLICATE_METHOD_MATCH = YES;
				"CODE_SIGN_IDENTITY[sdk=iphoneos*]" = "iPhone Developer";
				COPY_PHASE_STRIP = NO;
				DEBUG_INFORMATION_FORMAT = "dwarf-with-dsym";
				ENABLE_NS_ASSERTIONS = NO;
				ENABLE_STRICT_OBJC_MSGSEND = YES;
				GCC_C_LANGUAGE_STANDARD = gnu99;
				GCC_NO_COMMON_BLOCKS = YES;
				GCC_WARN_64_TO_32_BIT_CONVERSION = YES;
				GCC_WARN_ABOUT_RETURN_TYPE = YES_ERROR;
				GCC_WARN_UNDECLARED_SELECTOR = YES;
				GCC_WARN_UNINITIALIZED_AUTOS = YES_AGGRESSIVE;
				GCC_WARN_UNUSED_FUNCTION = YES;
				GCC_WARN_UNUSED_VARIABLE = YES;
				IPHONEOS_DEPLOYMENT_TARGET = 9.1;
				MTL_ENABLE_DEBUG_INFO = NO;
				SDKROOT = iphoneos;
				TARGETED_DEVICE_FAMILY = "1,2";
				VALIDATE_PRODUCT = YES;
			};
			name = Release;
		};
		8FD09F3E1BFE274400F27DFF /* Debug */ = {
			isa = XCBuildConfiguration;
			buildSettings = {
				ASSETCATALOG_COMPILER_APPICON_NAME = AppIcon;
				INFOPLIST_FILE = Pokedex/Info.plist;
				LD_RUNPATH_SEARCH_PATHS = "$(inherited) @executable_path/Frameworks";
				PRODUCT_BUNDLE_IDENTIFIER = swiftgraydesign.Pokedex;
				PRODUCT_NAME = "$(TARGET_NAME)";
			};
			name = Debug;
		};
		8FD09F3F1BFE274400F27DFF /* Release */ = {
			isa = XCBuildConfiguration;
			buildSettings = {
				ASSETCATALOG_COMPILER_APPICON_NAME = AppIcon;
				INFOPLIST_FILE = Pokedex/Info.plist;
				LD_RUNPATH_SEARCH_PATHS = "$(inherited) @executable_path/Frameworks";
				PRODUCT_BUNDLE_IDENTIFIER = swiftgraydesign.Pokedex;
				PRODUCT_NAME = "$(TARGET_NAME)";
			};
			name = Release;
		};
/* End XCBuildConfiguration section */

/* Begin XCConfigurationList section */
		8FD09F231BFE274400F27DFF /* Build configuration list for PBXProject "Pokedex" */ = {
			isa = XCConfigurationList;
			buildConfigurations = (
				8FD09F3B1BFE274400F27DFF /* Debug */,
				8FD09F3C1BFE274400F27DFF /* Release */,
			);
			defaultConfigurationIsVisible = 0;
			defaultConfigurationName = Release;
		};
		8FD09F3D1BFE274400F27DFF /* Build configuration list for PBXNativeTarget "Pokedex" */ = {
			isa = XCConfigurationList;
			buildConfigurations = (
				8FD09F3E1BFE274400F27DFF /* Debug */,
				8FD09F3F1BFE274400F27DFF /* Release */,
			);
			defaultConfigurationIsVisible = 0;
		};
/* End XCConfigurationList section */

/* Begin XCVersionGroup section */
		8FD09F321BFE274400F27DFF /* Pokedex.xcdatamodeld */ = {
			isa = XCVersionGroup;
			children = (
				8FD09F331BFE274400F27DFF /* Pokedex.xcdatamodel */,
			);
			currentVersion = 8FD09F331BFE274400F27DFF /* Pokedex.xcdatamodel */;
			path = Pokedex.xcdatamodeld;
			sourceTree = "<group>";
			versionGroupType = wrapper.xcdatamodel;
		};
/* End XCVersionGroup section */
	};
	rootObject = 8FD09F201BFE274400F27DFF /* Project object */;
}
